// !$*UTF8*$!
{
	archiveVersion = 1;
	classes = {
	};
	objectVersion = 55;
	objects = {

/* Begin PBXBuildFile section */
		C59B06A9284FD8500022E42E /* AddAccount.swift in Sources */ = {isa = PBXBuildFile; fileRef = C59B06A8284FD8500022E42E /* AddAccount.swift */; };
		C59B06AB284FD9E00022E42E /* AccountModel.swift in Sources */ = {isa = PBXBuildFile; fileRef = C59B06AA284FD9E00022E42E /* AccountModel.swift */; };
		C59B06B9284FDCA70022E42E /* Data.framework in Frameworks */ = {isa = PBXBuildFile; fileRef = C59B06B1284FDCA70022E42E /* Data.framework */; };
		C59B06BE284FDCA70022E42E /* RemoteAddAccountTests.swift in Sources */ = {isa = PBXBuildFile; fileRef = C59B06BD284FDCA70022E42E /* RemoteAddAccountTests.swift */; };
		C59B06CC28511E800022E42E /* Domain.framework in Frameworks */ = {isa = PBXBuildFile; fileRef = C59B06A1284FD7780022E42E /* Domain.framework */; };
		C59B06CD28511E800022E42E /* Domain.framework in Embed Frameworks */ = {isa = PBXBuildFile; fileRef = C59B06A1284FD7780022E42E /* Domain.framework */; settings = {ATTRIBUTES = (CodeSignOnCopy, RemoveHeadersOnCopy, ); }; };
		C59B06D2285280660022E42E /* Model.swift in Sources */ = {isa = PBXBuildFile; fileRef = C59B06D1285280660022E42E /* Model.swift */; };
		C59B06D42852815F0022E42E /* RemoteAddAccount.swift in Sources */ = {isa = PBXBuildFile; fileRef = C59B06D32852815F0022E42E /* RemoteAddAccount.swift */; };
		C59B06D6285281B30022E42E /* HttpPostClient.swift in Sources */ = {isa = PBXBuildFile; fileRef = C59B06D5285281B30022E42E /* HttpPostClient.swift */; };
		C59B06DF28538F3B0022E42E /* DomainError.swift in Sources */ = {isa = PBXBuildFile; fileRef = C59B06DE28538F3B0022E42E /* DomainError.swift */; };
		C59B06E12853954C0022E42E /* HttpError.swift in Sources */ = {isa = PBXBuildFile; fileRef = C59B06E02853954C0022E42E /* HttpError.swift */; };
		C59B06E42853C57C0022E42E /* ExtensionHelpers.swift in Sources */ = {isa = PBXBuildFile; fileRef = C59B06E32853C57C0022E42E /* ExtensionHelpers.swift */; };
/* End PBXBuildFile section */

/* Begin PBXContainerItemProxy section */
		C59B06BA284FDCA70022E42E /* PBXContainerItemProxy */ = {
			isa = PBXContainerItemProxy;
			containerPortal = C59B067D284FD6C60022E42E /* Project object */;
			proxyType = 1;
			remoteGlobalIDString = C59B06B0284FDCA70022E42E;
			remoteInfo = Data;
		};
		C59B06CE28511E800022E42E /* PBXContainerItemProxy */ = {
			isa = PBXContainerItemProxy;
			containerPortal = C59B067D284FD6C60022E42E /* Project object */;
			proxyType = 1;
			remoteGlobalIDString = C59B06A0284FD7780022E42E;
			remoteInfo = Domain;
		};
/* End PBXContainerItemProxy section */

/* Begin PBXCopyFilesBuildPhase section */
		C59B06D028511E800022E42E /* Embed Frameworks */ = {
			isa = PBXCopyFilesBuildPhase;
			buildActionMask = 2147483647;
			dstPath = "";
			dstSubfolderSpec = 10;
			files = (
				C59B06CD28511E800022E42E /* Domain.framework in Embed Frameworks */,
			);
			name = "Embed Frameworks";
			runOnlyForDeploymentPostprocessing = 0;
		};
/* End PBXCopyFilesBuildPhase section */

/* Begin PBXFileReference section */
		C59B06A1284FD7780022E42E /* Domain.framework */ = {isa = PBXFileReference; explicitFileType = wrapper.framework; includeInIndex = 0; path = Domain.framework; sourceTree = BUILT_PRODUCTS_DIR; };
		C59B06A8284FD8500022E42E /* AddAccount.swift */ = {isa = PBXFileReference; lastKnownFileType = sourcecode.swift; path = AddAccount.swift; sourceTree = "<group>"; };
		C59B06AA284FD9E00022E42E /* AccountModel.swift */ = {isa = PBXFileReference; lastKnownFileType = sourcecode.swift; path = AccountModel.swift; sourceTree = "<group>"; };
		C59B06B1284FDCA70022E42E /* Data.framework */ = {isa = PBXFileReference; explicitFileType = wrapper.framework; includeInIndex = 0; path = Data.framework; sourceTree = BUILT_PRODUCTS_DIR; };
		C59B06B8284FDCA70022E42E /* DataTests.xctest */ = {isa = PBXFileReference; explicitFileType = wrapper.cfbundle; includeInIndex = 0; path = DataTests.xctest; sourceTree = BUILT_PRODUCTS_DIR; };
		C59B06BD284FDCA70022E42E /* RemoteAddAccountTests.swift */ = {isa = PBXFileReference; lastKnownFileType = sourcecode.swift; path = RemoteAddAccountTests.swift; sourceTree = "<group>"; };
		C59B06D1285280660022E42E /* Model.swift */ = {isa = PBXFileReference; lastKnownFileType = sourcecode.swift; path = Model.swift; sourceTree = "<group>"; };
		C59B06D32852815F0022E42E /* RemoteAddAccount.swift */ = {isa = PBXFileReference; lastKnownFileType = sourcecode.swift; path = RemoteAddAccount.swift; sourceTree = "<group>"; };
		C59B06D5285281B30022E42E /* HttpPostClient.swift */ = {isa = PBXFileReference; lastKnownFileType = sourcecode.swift; path = HttpPostClient.swift; sourceTree = "<group>"; };
		C59B06DE28538F3B0022E42E /* DomainError.swift */ = {isa = PBXFileReference; lastKnownFileType = sourcecode.swift; path = DomainError.swift; sourceTree = "<group>"; };
		C59B06E02853954C0022E42E /* HttpError.swift */ = {isa = PBXFileReference; lastKnownFileType = sourcecode.swift; path = HttpError.swift; sourceTree = "<group>"; };
		C59B06E32853C57C0022E42E /* ExtensionHelpers.swift */ = {isa = PBXFileReference; lastKnownFileType = sourcecode.swift; path = ExtensionHelpers.swift; sourceTree = "<group>"; };
/* End PBXFileReference section */

/* Begin PBXFrameworksBuildPhase section */
		C59B069E284FD7780022E42E /* Frameworks */ = {
			isa = PBXFrameworksBuildPhase;
			buildActionMask = 2147483647;
			files = (
			);
			runOnlyForDeploymentPostprocessing = 0;
		};
		C59B06AE284FDCA70022E42E /* Frameworks */ = {
			isa = PBXFrameworksBuildPhase;
			buildActionMask = 2147483647;
			files = (
				C59B06CC28511E800022E42E /* Domain.framework in Frameworks */,
			);
			runOnlyForDeploymentPostprocessing = 0;
		};
		C59B06B5284FDCA70022E42E /* Frameworks */ = {
			isa = PBXFrameworksBuildPhase;
			buildActionMask = 2147483647;
			files = (
				C59B06B9284FDCA70022E42E /* Data.framework in Frameworks */,
			);
			runOnlyForDeploymentPostprocessing = 0;
		};
/* End PBXFrameworksBuildPhase section */

/* Begin PBXGroup section */
		C59B067C284FD6C60022E42E = {
			isa = PBXGroup;
			children = (
				C59B06A2284FD7780022E42E /* Domain */,
				C59B06B2284FDCA70022E42E /* Data */,
				C59B06BC284FDCA70022E42E /* DataTests */,
				C59B0686284FD6C60022E42E /* Products */,
				C59B06CB28511E800022E42E /* Frameworks */,
			);
			sourceTree = "<group>";
		};
		C59B0686284FD6C60022E42E /* Products */ = {
			isa = PBXGroup;
			children = (
				C59B06A1284FD7780022E42E /* Domain.framework */,
				C59B06B1284FDCA70022E42E /* Data.framework */,
				C59B06B8284FDCA70022E42E /* DataTests.xctest */,
			);
			name = Products;
			sourceTree = "<group>";
		};
		C59B06A2284FD7780022E42E /* Domain */ = {
			isa = PBXGroup;
			children = (
				C59B06D7285282340022E42E /* UseCases */,
				C59B06D9285282530022E42E /* Models */,
				C59B06DD28538F240022E42E /* Errors */,
			);
			path = Domain;
			sourceTree = "<group>";
		};
		C59B06B2284FDCA70022E42E /* Data */ = {
			isa = PBXGroup;
			children = (
				C59B06E22853C56E0022E42E /* Helpers */,
				C59B06DA285282630022E42E /* UseCases */,
				C59B06DB285282710022E42E /* Http */,
			);
			path = Data;
			sourceTree = "<group>";
		};
		C59B06BC284FDCA70022E42E /* DataTests */ = {
			isa = PBXGroup;
			children = (
				C59B06DC2852828D0022E42E /* UsesCases */,
			);
			path = DataTests;
			sourceTree = "<group>";
		};
		C59B06CB28511E800022E42E /* Frameworks */ = {
			isa = PBXGroup;
			children = (
			);
			name = Frameworks;
			sourceTree = "<group>";
		};
		C59B06D7285282340022E42E /* UseCases */ = {
			isa = PBXGroup;
			children = (
				C59B06A8284FD8500022E42E /* AddAccount.swift */,
			);
			path = UseCases;
			sourceTree = "<group>";
		};
		C59B06D9285282530022E42E /* Models */ = {
			isa = PBXGroup;
			children = (
				C59B06AA284FD9E00022E42E /* AccountModel.swift */,
				C59B06D1285280660022E42E /* Model.swift */,
			);
			path = Models;
			sourceTree = "<group>";
		};
		C59B06DA285282630022E42E /* UseCases */ = {
			isa = PBXGroup;
			children = (
				C59B06D32852815F0022E42E /* RemoteAddAccount.swift */,
			);
			path = UseCases;
			sourceTree = "<group>";
		};
		C59B06DB285282710022E42E /* Http */ = {
			isa = PBXGroup;
			children = (
				C59B06D5285281B30022E42E /* HttpPostClient.swift */,
				C59B06E02853954C0022E42E /* HttpError.swift */,
			);
			path = Http;
			sourceTree = "<group>";
		};
		C59B06DC2852828D0022E42E /* UsesCases */ = {
			isa = PBXGroup;
			children = (
				C59B06BD284FDCA70022E42E /* RemoteAddAccountTests.swift */,
			);
			path = UsesCases;
			sourceTree = "<group>";
		};
		C59B06DD28538F240022E42E /* Errors */ = {
			isa = PBXGroup;
			children = (
				C59B06DE28538F3B0022E42E /* DomainError.swift */,
			);
			path = Errors;
			sourceTree = "<group>";
		};
		C59B06E22853C56E0022E42E /* Helpers */ = {
			isa = PBXGroup;
			children = (
				C59B06E32853C57C0022E42E /* ExtensionHelpers.swift */,
			);
			path = Helpers;
			sourceTree = "<group>";
		};
/* End PBXGroup section */

/* Begin PBXHeadersBuildPhase section */
		C59B069C284FD7780022E42E /* Headers */ = {
			isa = PBXHeadersBuildPhase;
			buildActionMask = 2147483647;
			files = (
			);
			runOnlyForDeploymentPostprocessing = 0;
		};
		C59B06AC284FDCA70022E42E /* Headers */ = {
			isa = PBXHeadersBuildPhase;
			buildActionMask = 2147483647;
			files = (
			);
			runOnlyForDeploymentPostprocessing = 0;
		};
/* End PBXHeadersBuildPhase section */

/* Begin PBXNativeTarget section */
		C59B06A0284FD7780022E42E /* Domain */ = {
			isa = PBXNativeTarget;
			buildConfigurationList = C59B06A5284FD7780022E42E /* Build configuration list for PBXNativeTarget "Domain" */;
			buildPhases = (
				C59B069C284FD7780022E42E /* Headers */,
				C59B069D284FD7780022E42E /* Sources */,
				C59B069E284FD7780022E42E /* Frameworks */,
				C59B069F284FD7780022E42E /* Resources */,
			);
			buildRules = (
			);
			dependencies = (
			);
			name = Domain;
			productName = Domain;
			productReference = C59B06A1284FD7780022E42E /* Domain.framework */;
			productType = "com.apple.product-type.framework";
		};
		C59B06B0284FDCA70022E42E /* Data */ = {
			isa = PBXNativeTarget;
			buildConfigurationList = C59B06C0284FDCA70022E42E /* Build configuration list for PBXNativeTarget "Data" */;
			buildPhases = (
				C59B06AC284FDCA70022E42E /* Headers */,
				C59B06AD284FDCA70022E42E /* Sources */,
				C59B06AE284FDCA70022E42E /* Frameworks */,
				C59B06AF284FDCA70022E42E /* Resources */,
				C59B06D028511E800022E42E /* Embed Frameworks */,
			);
			buildRules = (
			);
			dependencies = (
				C59B06CF28511E800022E42E /* PBXTargetDependency */,
			);
			name = Data;
			productName = Data;
			productReference = C59B06B1284FDCA70022E42E /* Data.framework */;
			productType = "com.apple.product-type.framework";
		};
		C59B06B7284FDCA70022E42E /* DataTests */ = {
			isa = PBXNativeTarget;
			buildConfigurationList = C59B06C3284FDCA70022E42E /* Build configuration list for PBXNativeTarget "DataTests" */;
			buildPhases = (
				C59B06B4284FDCA70022E42E /* Sources */,
				C59B06B5284FDCA70022E42E /* Frameworks */,
				C59B06B6284FDCA70022E42E /* Resources */,
			);
			buildRules = (
			);
			dependencies = (
				C59B06BB284FDCA70022E42E /* PBXTargetDependency */,
			);
			name = DataTests;
			productName = DataTests;
			productReference = C59B06B8284FDCA70022E42E /* DataTests.xctest */;
			productType = "com.apple.product-type.bundle.unit-test";
		};
/* End PBXNativeTarget section */

/* Begin PBXProject section */
		C59B067D284FD6C60022E42E /* Project object */ = {
			isa = PBXProject;
			attributes = {
				BuildIndependentTargetsInParallel = 1;
				LastSwiftUpdateCheck = 1340;
				LastUpgradeCheck = 1340;
				TargetAttributes = {
					C59B06A0284FD7780022E42E = {
						CreatedOnToolsVersion = 13.4.1;
						LastSwiftMigration = 1340;
					};
					C59B06B0284FDCA70022E42E = {
						CreatedOnToolsVersion = 13.4.1;
						LastSwiftMigration = 1340;
					};
					C59B06B7284FDCA70022E42E = {
						CreatedOnToolsVersion = 13.4.1;
					};
				};
			};
			buildConfigurationList = C59B0680284FD6C60022E42E /* Build configuration list for PBXProject "CleanApp" */;
			compatibilityVersion = "Xcode 13.0";
			developmentRegion = en;
			hasScannedForEncodings = 0;
			knownRegions = (
				en,
				Base,
			);
			mainGroup = C59B067C284FD6C60022E42E;
			productRefGroup = C59B0686284FD6C60022E42E /* Products */;
			projectDirPath = "";
			projectRoot = "";
			targets = (
				C59B06A0284FD7780022E42E /* Domain */,
				C59B06B0284FDCA70022E42E /* Data */,
				C59B06B7284FDCA70022E42E /* DataTests */,
			);
		};
/* End PBXProject section */

/* Begin PBXResourcesBuildPhase section */
		C59B069F284FD7780022E42E /* Resources */ = {
			isa = PBXResourcesBuildPhase;
			buildActionMask = 2147483647;
			files = (
			);
			runOnlyForDeploymentPostprocessing = 0;
		};
		C59B06AF284FDCA70022E42E /* Resources */ = {
			isa = PBXResourcesBuildPhase;
			buildActionMask = 2147483647;
			files = (
			);
			runOnlyForDeploymentPostprocessing = 0;
		};
		C59B06B6284FDCA70022E42E /* Resources */ = {
			isa = PBXResourcesBuildPhase;
			buildActionMask = 2147483647;
			files = (
			);
			runOnlyForDeploymentPostprocessing = 0;
		};
/* End PBXResourcesBuildPhase section */

/* Begin PBXSourcesBuildPhase section */
		C59B069D284FD7780022E42E /* Sources */ = {
			isa = PBXSourcesBuildPhase;
			buildActionMask = 2147483647;
			files = (
				C59B06D2285280660022E42E /* Model.swift in Sources */,
				C59B06A9284FD8500022E42E /* AddAccount.swift in Sources */,
				C59B06DF28538F3B0022E42E /* DomainError.swift in Sources */,
				C59B06AB284FD9E00022E42E /* AccountModel.swift in Sources */,
			);
			runOnlyForDeploymentPostprocessing = 0;
		};
		C59B06AD284FDCA70022E42E /* Sources */ = {
			isa = PBXSourcesBuildPhase;
			buildActionMask = 2147483647;
			files = (
				C59B06D6285281B30022E42E /* HttpPostClient.swift in Sources */,
				C59B06E42853C57C0022E42E /* ExtensionHelpers.swift in Sources */,
				C59B06E12853954C0022E42E /* HttpError.swift in Sources */,
				C59B06D42852815F0022E42E /* RemoteAddAccount.swift in Sources */,
			);
			runOnlyForDeploymentPostprocessing = 0;
		};
		C59B06B4284FDCA70022E42E /* Sources */ = {
			isa = PBXSourcesBuildPhase;
			buildActionMask = 2147483647;
			files = (
				C59B06BE284FDCA70022E42E /* RemoteAddAccountTests.swift in Sources */,
			);
			runOnlyForDeploymentPostprocessing = 0;
		};
/* End PBXSourcesBuildPhase section */

/* Begin PBXTargetDependency section */
		C59B06BB284FDCA70022E42E /* PBXTargetDependency */ = {
			isa = PBXTargetDependency;
			target = C59B06B0284FDCA70022E42E /* Data */;
			targetProxy = C59B06BA284FDCA70022E42E /* PBXContainerItemProxy */;
		};
		C59B06CF28511E800022E42E /* PBXTargetDependency */ = {
			isa = PBXTargetDependency;
			target = C59B06A0284FD7780022E42E /* Domain */;
			targetProxy = C59B06CE28511E800022E42E /* PBXContainerItemProxy */;
		};
/* End PBXTargetDependency section */

/* Begin XCBuildConfiguration section */
		C59B0697284FD6CB0022E42E /* Debug */ = {
			isa = XCBuildConfiguration;
			buildSettings = {
				ALWAYS_SEARCH_USER_PATHS = NO;
				CLANG_ANALYZER_NONNULL = YES;
				CLANG_ANALYZER_NUMBER_OBJECT_CONVERSION = YES_AGGRESSIVE;
				CLANG_CXX_LANGUAGE_STANDARD = "gnu++17";
				CLANG_ENABLE_MODULES = YES;
				CLANG_ENABLE_OBJC_ARC = YES;
				CLANG_ENABLE_OBJC_WEAK = YES;
				CLANG_WARN_BLOCK_CAPTURE_AUTORELEASING = YES;
				CLANG_WARN_BOOL_CONVERSION = YES;
				CLANG_WARN_COMMA = YES;
				CLANG_WARN_CONSTANT_CONVERSION = YES;
				CLANG_WARN_DEPRECATED_OBJC_IMPLEMENTATIONS = YES;
				CLANG_WARN_DIRECT_OBJC_ISA_USAGE = YES_ERROR;
				CLANG_WARN_DOCUMENTATION_COMMENTS = YES;
				CLANG_WARN_EMPTY_BODY = YES;
				CLANG_WARN_ENUM_CONVERSION = YES;
				CLANG_WARN_INFINITE_RECURSION = YES;
				CLANG_WARN_INT_CONVERSION = YES;
				CLANG_WARN_NON_LITERAL_NULL_CONVERSION = YES;
				CLANG_WARN_OBJC_IMPLICIT_RETAIN_SELF = YES;
				CLANG_WARN_OBJC_LITERAL_CONVERSION = YES;
				CLANG_WARN_OBJC_ROOT_CLASS = YES_ERROR;
				CLANG_WARN_QUOTED_INCLUDE_IN_FRAMEWORK_HEADER = YES;
				CLANG_WARN_RANGE_LOOP_ANALYSIS = YES;
				CLANG_WARN_STRICT_PROTOTYPES = YES;
				CLANG_WARN_SUSPICIOUS_MOVE = YES;
				CLANG_WARN_UNGUARDED_AVAILABILITY = YES_AGGRESSIVE;
				CLANG_WARN_UNREACHABLE_CODE = YES;
				CLANG_WARN__DUPLICATE_METHOD_MATCH = YES;
				COPY_PHASE_STRIP = NO;
				DEBUG_INFORMATION_FORMAT = dwarf;
				ENABLE_STRICT_OBJC_MSGSEND = YES;
				ENABLE_TESTABILITY = YES;
				GCC_C_LANGUAGE_STANDARD = gnu11;
				GCC_DYNAMIC_NO_PIC = NO;
				GCC_NO_COMMON_BLOCKS = YES;
				GCC_OPTIMIZATION_LEVEL = 0;
				GCC_PREPROCESSOR_DEFINITIONS = (
					"DEBUG=1",
					"$(inherited)",
				);
				GCC_WARN_64_TO_32_BIT_CONVERSION = YES;
				GCC_WARN_ABOUT_RETURN_TYPE = YES_ERROR;
				GCC_WARN_UNDECLARED_SELECTOR = YES;
				GCC_WARN_UNINITIALIZED_AUTOS = YES_AGGRESSIVE;
				GCC_WARN_UNUSED_FUNCTION = YES;
				GCC_WARN_UNUSED_VARIABLE = YES;
				IPHONEOS_DEPLOYMENT_TARGET = 15.5;
				MTL_ENABLE_DEBUG_INFO = INCLUDE_SOURCE;
				MTL_FAST_MATH = YES;
				ONLY_ACTIVE_ARCH = YES;
				SDKROOT = iphoneos;
				SWIFT_ACTIVE_COMPILATION_CONDITIONS = DEBUG;
				SWIFT_OPTIMIZATION_LEVEL = "-Onone";
			};
			name = Debug;
		};
		C59B0698284FD6CB0022E42E /* Release */ = {
			isa = XCBuildConfiguration;
			buildSettings = {
				ALWAYS_SEARCH_USER_PATHS = NO;
				CLANG_ANALYZER_NONNULL = YES;
				CLANG_ANALYZER_NUMBER_OBJECT_CONVERSION = YES_AGGRESSIVE;
				CLANG_CXX_LANGUAGE_STANDARD = "gnu++17";
				CLANG_ENABLE_MODULES = YES;
				CLANG_ENABLE_OBJC_ARC = YES;
				CLANG_ENABLE_OBJC_WEAK = YES;
				CLANG_WARN_BLOCK_CAPTURE_AUTORELEASING = YES;
				CLANG_WARN_BOOL_CONVERSION = YES;
				CLANG_WARN_COMMA = YES;
				CLANG_WARN_CONSTANT_CONVERSION = YES;
				CLANG_WARN_DEPRECATED_OBJC_IMPLEMENTATIONS = YES;
				CLANG_WARN_DIRECT_OBJC_ISA_USAGE = YES_ERROR;
				CLANG_WARN_DOCUMENTATION_COMMENTS = YES;
				CLANG_WARN_EMPTY_BODY = YES;
				CLANG_WARN_ENUM_CONVERSION = YES;
				CLANG_WARN_INFINITE_RECURSION = YES;
				CLANG_WARN_INT_CONVERSION = YES;
				CLANG_WARN_NON_LITERAL_NULL_CONVERSION = YES;
				CLANG_WARN_OBJC_IMPLICIT_RETAIN_SELF = YES;
				CLANG_WARN_OBJC_LITERAL_CONVERSION = YES;
				CLANG_WARN_OBJC_ROOT_CLASS = YES_ERROR;
				CLANG_WARN_QUOTED_INCLUDE_IN_FRAMEWORK_HEADER = YES;
				CLANG_WARN_RANGE_LOOP_ANALYSIS = YES;
				CLANG_WARN_STRICT_PROTOTYPES = YES;
				CLANG_WARN_SUSPICIOUS_MOVE = YES;
				CLANG_WARN_UNGUARDED_AVAILABILITY = YES_AGGRESSIVE;
				CLANG_WARN_UNREACHABLE_CODE = YES;
				CLANG_WARN__DUPLICATE_METHOD_MATCH = YES;
				COPY_PHASE_STRIP = NO;
				DEBUG_INFORMATION_FORMAT = "dwarf-with-dsym";
				ENABLE_NS_ASSERTIONS = NO;
				ENABLE_STRICT_OBJC_MSGSEND = YES;
				GCC_C_LANGUAGE_STANDARD = gnu11;
				GCC_NO_COMMON_BLOCKS = YES;
				GCC_WARN_64_TO_32_BIT_CONVERSION = YES;
				GCC_WARN_ABOUT_RETURN_TYPE = YES_ERROR;
				GCC_WARN_UNDECLARED_SELECTOR = YES;
				GCC_WARN_UNINITIALIZED_AUTOS = YES_AGGRESSIVE;
				GCC_WARN_UNUSED_FUNCTION = YES;
				GCC_WARN_UNUSED_VARIABLE = YES;
				IPHONEOS_DEPLOYMENT_TARGET = 15.5;
				MTL_ENABLE_DEBUG_INFO = NO;
				MTL_FAST_MATH = YES;
				SDKROOT = iphoneos;
				SWIFT_COMPILATION_MODE = wholemodule;
				SWIFT_OPTIMIZATION_LEVEL = "-O";
				VALIDATE_PRODUCT = YES;
			};
			name = Release;
		};
		C59B06A6284FD7780022E42E /* Debug */ = {
			isa = XCBuildConfiguration;
			buildSettings = {
				CLANG_ENABLE_MODULES = YES;
				CODE_SIGN_STYLE = Automatic;
				COMBINE_HIDPI_IMAGES = YES;
				CURRENT_PROJECT_VERSION = 1;
				DEFINES_MODULE = YES;
				DEVELOPMENT_TEAM = KA74A9Q966;
				DYLIB_COMPATIBILITY_VERSION = 1;
				DYLIB_CURRENT_VERSION = 1;
				DYLIB_INSTALL_NAME_BASE = "@rpath";
				GENERATE_INFOPLIST_FILE = YES;
				INFOPLIST_KEY_NSHumanReadableCopyright = "";
				INSTALL_PATH = "$(LOCAL_LIBRARY_DIR)/Frameworks";
				LD_RUNPATH_SEARCH_PATHS = (
					"$(inherited)",
					"@executable_path/../Frameworks",
					"@loader_path/Frameworks",
				);
				MACOSX_DEPLOYMENT_TARGET = 12.3;
				MARKETING_VERSION = 1.0;
				PRODUCT_BUNDLE_IDENTIFIER = "Jean-Camargo.Domain";
				PRODUCT_NAME = "$(TARGET_NAME:c99extidentifier)";
				SDKROOT = macosx;
				SKIP_INSTALL = YES;
				SWIFT_EMIT_LOC_STRINGS = YES;
				SWIFT_OPTIMIZATION_LEVEL = "-Onone";
				SWIFT_VERSION = 5.0;
				VERSIONING_SYSTEM = "apple-generic";
				VERSION_INFO_PREFIX = "";
			};
			name = Debug;
		};
		C59B06A7284FD7780022E42E /* Release */ = {
			isa = XCBuildConfiguration;
			buildSettings = {
				CLANG_ENABLE_MODULES = YES;
				CODE_SIGN_STYLE = Automatic;
				COMBINE_HIDPI_IMAGES = YES;
				CURRENT_PROJECT_VERSION = 1;
				DEFINES_MODULE = YES;
				DEVELOPMENT_TEAM = KA74A9Q966;
				DYLIB_COMPATIBILITY_VERSION = 1;
				DYLIB_CURRENT_VERSION = 1;
				DYLIB_INSTALL_NAME_BASE = "@rpath";
				GENERATE_INFOPLIST_FILE = YES;
				INFOPLIST_KEY_NSHumanReadableCopyright = "";
				INSTALL_PATH = "$(LOCAL_LIBRARY_DIR)/Frameworks";
				LD_RUNPATH_SEARCH_PATHS = (
					"$(inherited)",
					"@executable_path/../Frameworks",
					"@loader_path/Frameworks",
				);
				MACOSX_DEPLOYMENT_TARGET = 12.3;
				MARKETING_VERSION = 1.0;
				PRODUCT_BUNDLE_IDENTIFIER = "Jean-Camargo.Domain";
				PRODUCT_NAME = "$(TARGET_NAME:c99extidentifier)";
				SDKROOT = macosx;
				SKIP_INSTALL = YES;
				SWIFT_EMIT_LOC_STRINGS = YES;
				SWIFT_VERSION = 5.0;
				VERSIONING_SYSTEM = "apple-generic";
				VERSION_INFO_PREFIX = "";
			};
			name = Release;
		};
		C59B06C1284FDCA70022E42E /* Debug */ = {
			isa = XCBuildConfiguration;
			buildSettings = {
				CLANG_ENABLE_MODULES = YES;
				CODE_SIGN_STYLE = Automatic;
				COMBINE_HIDPI_IMAGES = YES;
				CURRENT_PROJECT_VERSION = 1;
				DEFINES_MODULE = YES;
				DEVELOPMENT_TEAM = KA74A9Q966;
				DYLIB_COMPATIBILITY_VERSION = 1;
				DYLIB_CURRENT_VERSION = 1;
				DYLIB_INSTALL_NAME_BASE = "@rpath";
				GENERATE_INFOPLIST_FILE = YES;
				INFOPLIST_KEY_NSHumanReadableCopyright = "";
				INSTALL_PATH = "$(LOCAL_LIBRARY_DIR)/Frameworks";
				LD_RUNPATH_SEARCH_PATHS = (
					"$(inherited)",
					"@executable_path/../Frameworks",
					"@loader_path/Frameworks",
				);
				MACOSX_DEPLOYMENT_TARGET = 12.3;
				MARKETING_VERSION = 1.0;
				PRODUCT_BUNDLE_IDENTIFIER = "Jean-Camargo.Data";
				PRODUCT_NAME = "$(TARGET_NAME:c99extidentifier)";
				SDKROOT = macosx;
				SKIP_INSTALL = YES;
				SWIFT_EMIT_LOC_STRINGS = YES;
				SWIFT_OPTIMIZATION_LEVEL = "-Onone";
				SWIFT_VERSION = 5.0;
				VERSIONING_SYSTEM = "apple-generic";
				VERSION_INFO_PREFIX = "";
			};
			name = Debug;
		};
		C59B06C2284FDCA70022E42E /* Release */ = {
			isa = XCBuildConfiguration;
			buildSettings = {
				CLANG_ENABLE_MODULES = YES;
				CODE_SIGN_STYLE = Automatic;
				COMBINE_HIDPI_IMAGES = YES;
				CURRENT_PROJECT_VERSION = 1;
				DEFINES_MODULE = YES;
				DEVELOPMENT_TEAM = KA74A9Q966;
				DYLIB_COMPATIBILITY_VERSION = 1;
				DYLIB_CURRENT_VERSION = 1;
				DYLIB_INSTALL_NAME_BASE = "@rpath";
				GENERATE_INFOPLIST_FILE = YES;
				INFOPLIST_KEY_NSHumanReadableCopyright = "";
				INSTALL_PATH = "$(LOCAL_LIBRARY_DIR)/Frameworks";
				LD_RUNPATH_SEARCH_PATHS = (
					"$(inherited)",
					"@executable_path/../Frameworks",
					"@loader_path/Frameworks",
				);
				MACOSX_DEPLOYMENT_TARGET = 12.3;
				MARKETING_VERSION = 1.0;
				PRODUCT_BUNDLE_IDENTIFIER = "Jean-Camargo.Data";
				PRODUCT_NAME = "$(TARGET_NAME:c99extidentifier)";
				SDKROOT = macosx;
				SKIP_INSTALL = YES;
				SWIFT_EMIT_LOC_STRINGS = YES;
				SWIFT_VERSION = 5.0;
				VERSIONING_SYSTEM = "apple-generic";
				VERSION_INFO_PREFIX = "";
			};
			name = Release;
		};
		C59B06C4284FDCA70022E42E /* Debug */ = {
			isa = XCBuildConfiguration;
			buildSettings = {
				ALWAYS_EMBED_SWIFT_STANDARD_LIBRARIES = YES;
				CODE_SIGN_STYLE = Automatic;
				CURRENT_PROJECT_VERSION = 1;
				DEVELOPMENT_TEAM = KA74A9Q966;
				GENERATE_INFOPLIST_FILE = YES;
				MACOSX_DEPLOYMENT_TARGET = 12.3;
				MARKETING_VERSION = 1.0;
				PRODUCT_BUNDLE_IDENTIFIER = "Jean-Camargo.DataTests";
				PRODUCT_NAME = "$(TARGET_NAME)";
				SDKROOT = macosx;
				SWIFT_EMIT_LOC_STRINGS = NO;
				SWIFT_VERSION = 5.0;
			};
			name = Debug;
		};
		C59B06C5284FDCA70022E42E /* Release */ = {
			isa = XCBuildConfiguration;
			buildSettings = {
				ALWAYS_EMBED_SWIFT_STANDARD_LIBRARIES = YES;
				CODE_SIGN_STYLE = Automatic;
				CURRENT_PROJECT_VERSION = 1;
				DEVELOPMENT_TEAM = KA74A9Q966;
				GENERATE_INFOPLIST_FILE = YES;
				MACOSX_DEPLOYMENT_TARGET = 12.3;
				MARKETING_VERSION = 1.0;
				PRODUCT_BUNDLE_IDENTIFIER = "Jean-Camargo.DataTests";
				PRODUCT_NAME = "$(TARGET_NAME)";
				SDKROOT = macosx;
				SWIFT_EMIT_LOC_STRINGS = NO;
				SWIFT_VERSION = 5.0;
			};
			name = Release;
		};
/* End XCBuildConfiguration section */

/* Begin XCConfigurationList section */
		C59B0680284FD6C60022E42E /* Build configuration list for PBXProject "CleanApp" */ = {
			isa = XCConfigurationList;
			buildConfigurations = (
				C59B0697284FD6CB0022E42E /* Debug */,
				C59B0698284FD6CB0022E42E /* Release */,
			);
			defaultConfigurationIsVisible = 0;
			defaultConfigurationName = Release;
		};
		C59B06A5284FD7780022E42E /* Build configuration list for PBXNativeTarget "Domain" */ = {
			isa = XCConfigurationList;
			buildConfigurations = (
				C59B06A6284FD7780022E42E /* Debug */,
				C59B06A7284FD7780022E42E /* Release */,
			);
			defaultConfigurationIsVisible = 0;
			defaultConfigurationName = Release;
		};
		C59B06C0284FDCA70022E42E /* Build configuration list for PBXNativeTarget "Data" */ = {
			isa = XCConfigurationList;
			buildConfigurations = (
				C59B06C1284FDCA70022E42E /* Debug */,
				C59B06C2284FDCA70022E42E /* Release */,
			);
			defaultConfigurationIsVisible = 0;
			defaultConfigurationName = Release;
		};
		C59B06C3284FDCA70022E42E /* Build configuration list for PBXNativeTarget "DataTests" */ = {
			isa = XCConfigurationList;
			buildConfigurations = (
				C59B06C4284FDCA70022E42E /* Debug */,
				C59B06C5284FDCA70022E42E /* Release */,
			);
			defaultConfigurationIsVisible = 0;
			defaultConfigurationName = Release;
		};
/* End XCConfigurationList section */
	};
	rootObject = C59B067D284FD6C60022E42E /* Project object */;
}
